// !$*UTF8*$!
{
	archiveVersion = 1;
	classes = {
	};
	objectVersion = 50;
	objects = {

/* Begin PBXBuildFile section */
		0409198824A3463B00D25C4C /* Constants.swift in Sources */ = {isa = PBXBuildFile; fileRef = 0409198724A3463B00D25C4C /* Constants.swift */; };
		049A334724A21E4B00A260AE /* AppDelegate.swift in Sources */ = {isa = PBXBuildFile; fileRef = 049A334624A21E4B00A260AE /* AppDelegate.swift */; };
		049A334924A21E4B00A260AE /* SceneDelegate.swift in Sources */ = {isa = PBXBuildFile; fileRef = 049A334824A21E4B00A260AE /* SceneDelegate.swift */; };
		049A334E24A21E4C00A260AE /* Main.storyboard in Resources */ = {isa = PBXBuildFile; fileRef = 049A334C24A21E4C00A260AE /* Main.storyboard */; };
		049A335024A21E5200A260AE /* Assets.xcassets in Resources */ = {isa = PBXBuildFile; fileRef = 049A334F24A21E5200A260AE /* Assets.xcassets */; };
		049A335324A21E5200A260AE /* LaunchScreen.storyboard in Resources */ = {isa = PBXBuildFile; fileRef = 049A335124A21E5200A260AE /* LaunchScreen.storyboard */; };
		049A335D24A22ACE00A260AE /* MusicListScene.swift in Sources */ = {isa = PBXBuildFile; fileRef = 049A335C24A22ACE00A260AE /* MusicListScene.swift */; };
		049A336124A234C100A260AE /* SongDetailsTableCell.swift in Sources */ = {isa = PBXBuildFile; fileRef = 049A335F24A234C100A260AE /* SongDetailsTableCell.swift */; };
		049A336224A234C100A260AE /* SongDetailsTableCell.xib in Resources */ = {isa = PBXBuildFile; fileRef = 049A336024A234C100A260AE /* SongDetailsTableCell.xib */; };
		049D468D24A5C19B00FDDF09 /* NetworkManager.swift in Sources */ = {isa = PBXBuildFile; fileRef = 049D468C24A5C19B00FDDF09 /* NetworkManager.swift */; };
		049D468F24A5EBDD00FDDF09 /* MusicListViewModel.swift in Sources */ = {isa = PBXBuildFile; fileRef = 049D468E24A5EBDD00FDDF09 /* MusicListViewModel.swift */; };
		049D469124A5ED4100FDDF09 /* MusicListModel.swift in Sources */ = {isa = PBXBuildFile; fileRef = 049D469024A5ED4100FDDF09 /* MusicListModel.swift */; };
		049D469624A5F9EF00FDDF09 /* UIImageView+Extension.swift in Sources */ = {isa = PBXBuildFile; fileRef = 049D469524A5F9EF00FDDF09 /* UIImageView+Extension.swift */; };
		049D469A24A601D600FDDF09 /* SongDetailScene.swift in Sources */ = {isa = PBXBuildFile; fileRef = 049D469924A601D600FDDF09 /* SongDetailScene.swift */; };
/* End PBXBuildFile section */

/* Begin PBXFileReference section */
		0409198724A3463B00D25C4C /* Constants.swift */ = {isa = PBXFileReference; lastKnownFileType = sourcecode.swift; path = Constants.swift; sourceTree = "<group>"; };
		049A334324A21E4B00A260AE /* InsiderMusic.app */ = {isa = PBXFileReference; explicitFileType = wrapper.application; includeInIndex = 0; path = InsiderMusic.app; sourceTree = BUILT_PRODUCTS_DIR; };
		049A334624A21E4B00A260AE /* AppDelegate.swift */ = {isa = PBXFileReference; lastKnownFileType = sourcecode.swift; path = AppDelegate.swift; sourceTree = "<group>"; };
		049A334824A21E4B00A260AE /* SceneDelegate.swift */ = {isa = PBXFileReference; lastKnownFileType = sourcecode.swift; path = SceneDelegate.swift; sourceTree = "<group>"; };
		049A334D24A21E4C00A260AE /* Base */ = {isa = PBXFileReference; lastKnownFileType = file.storyboard; name = Base; path = Base.lproj/Main.storyboard; sourceTree = "<group>"; };
		049A334F24A21E5200A260AE /* Assets.xcassets */ = {isa = PBXFileReference; lastKnownFileType = folder.assetcatalog; path = Assets.xcassets; sourceTree = "<group>"; };
		049A335224A21E5200A260AE /* Base */ = {isa = PBXFileReference; lastKnownFileType = file.storyboard; name = Base; path = Base.lproj/LaunchScreen.storyboard; sourceTree = "<group>"; };
		049A335424A21E5200A260AE /* Info.plist */ = {isa = PBXFileReference; lastKnownFileType = text.plist.xml; path = Info.plist; sourceTree = "<group>"; };
		049A335C24A22ACE00A260AE /* MusicListScene.swift */ = {isa = PBXFileReference; lastKnownFileType = sourcecode.swift; path = MusicListScene.swift; sourceTree = "<group>"; };
		049A335F24A234C100A260AE /* SongDetailsTableCell.swift */ = {isa = PBXFileReference; lastKnownFileType = sourcecode.swift; path = SongDetailsTableCell.swift; sourceTree = "<group>"; };
		049A336024A234C100A260AE /* SongDetailsTableCell.xib */ = {isa = PBXFileReference; lastKnownFileType = file.xib; path = SongDetailsTableCell.xib; sourceTree = "<group>"; };
		049D468C24A5C19B00FDDF09 /* NetworkManager.swift */ = {isa = PBXFileReference; lastKnownFileType = sourcecode.swift; path = NetworkManager.swift; sourceTree = "<group>"; };
		049D468E24A5EBDD00FDDF09 /* MusicListViewModel.swift */ = {isa = PBXFileReference; lastKnownFileType = sourcecode.swift; path = MusicListViewModel.swift; sourceTree = "<group>"; };
		049D469024A5ED4100FDDF09 /* MusicListModel.swift */ = {isa = PBXFileReference; lastKnownFileType = sourcecode.swift; path = MusicListModel.swift; sourceTree = "<group>"; };
		049D469524A5F9EF00FDDF09 /* UIImageView+Extension.swift */ = {isa = PBXFileReference; lastKnownFileType = sourcecode.swift; path = "UIImageView+Extension.swift"; sourceTree = "<group>"; };
		049D469924A601D600FDDF09 /* SongDetailScene.swift */ = {isa = PBXFileReference; lastKnownFileType = sourcecode.swift; path = SongDetailScene.swift; sourceTree = "<group>"; };
/* End PBXFileReference section */

/* Begin PBXFrameworksBuildPhase section */
		049A334024A21E4B00A260AE /* Frameworks */ = {
			isa = PBXFrameworksBuildPhase;
			buildActionMask = 2147483647;
			files = (
			);
			runOnlyForDeploymentPostprocessing = 0;
		};
/* End PBXFrameworksBuildPhase section */

/* Begin PBXGroup section */
		049A333A24A21E4B00A260AE = {
			isa = PBXGroup;
			children = (
				049A334524A21E4B00A260AE /* InsiderMusic */,
				049A334424A21E4B00A260AE /* Products */,
			);
			sourceTree = "<group>";
		};
		049A334424A21E4B00A260AE /* Products */ = {
			isa = PBXGroup;
			children = (
				049A334324A21E4B00A260AE /* InsiderMusic.app */,
			);
			name = Products;
			sourceTree = "<group>";
		};
		049A334524A21E4B00A260AE /* InsiderMusic */ = {
			isa = PBXGroup;
			children = (
				049D469724A6019600FDDF09 /* AppDelegates */,
				049A336324A2352200A260AE /* Utils */,
				049A335E24A22B0600A260AE /* FirstScene */,
				049D469824A601A800FDDF09 /* SecondScene */,
				049A334C24A21E4C00A260AE /* Main.storyboard */,
				049A334F24A21E5200A260AE /* Assets.xcassets */,
				049A335124A21E5200A260AE /* LaunchScreen.storyboard */,
				049A335424A21E5200A260AE /* Info.plist */,
			);
			path = InsiderMusic;
			sourceTree = "<group>";
		};
		049A335E24A22B0600A260AE /* FirstScene */ = {
			isa = PBXGroup;
			children = (
				049D469324A5F06C00FDDF09 /* Model */,
				049D469424A5F07200FDDF09 /* VIew */,
				049D469224A5F06500FDDF09 /* ViewModel */,
			);
			path = FirstScene;
			sourceTree = "<group>";
		};
		049A336324A2352200A260AE /* Utils */ = {
			isa = PBXGroup;
			children = (
				049D468C24A5C19B00FDDF09 /* NetworkManager.swift */,
				0409198724A3463B00D25C4C /* Constants.swift */,
				049D469524A5F9EF00FDDF09 /* UIImageView+Extension.swift */,
			);
			path = Utils;
			sourceTree = "<group>";
		};
		049D469224A5F06500FDDF09 /* ViewModel */ = {
			isa = PBXGroup;
			children = (
				049D468E24A5EBDD00FDDF09 /* MusicListViewModel.swift */,
			);
			path = ViewModel;
			sourceTree = "<group>";
		};
		049D469324A5F06C00FDDF09 /* Model */ = {
			isa = PBXGroup;
			children = (
				049D469024A5ED4100FDDF09 /* MusicListModel.swift */,
			);
			path = Model;
			sourceTree = "<group>";
		};
		049D469424A5F07200FDDF09 /* VIew */ = {
			isa = PBXGroup;
			children = (
				049A335C24A22ACE00A260AE /* MusicListScene.swift */,
				049A335F24A234C100A260AE /* SongDetailsTableCell.swift */,
				049A336024A234C100A260AE /* SongDetailsTableCell.xib */,
			);
			path = VIew;
			sourceTree = "<group>";
		};
		049D469724A6019600FDDF09 /* AppDelegates */ = {
			isa = PBXGroup;
			children = (
				049A334624A21E4B00A260AE /* AppDelegate.swift */,
				049A334824A21E4B00A260AE /* SceneDelegate.swift */,
			);
			path = AppDelegates;
			sourceTree = "<group>";
		};
		049D469824A601A800FDDF09 /* SecondScene */ = {
			isa = PBXGroup;
			children = (
				049D469924A601D600FDDF09 /* SongDetailScene.swift */,
			);
			path = SecondScene;
			sourceTree = "<group>";
		};
/* End PBXGroup section */

/* Begin PBXNativeTarget section */
		049A334224A21E4B00A260AE /* InsiderMusic */ = {
			isa = PBXNativeTarget;
			buildConfigurationList = 049A335724A21E5200A260AE /* Build configuration list for PBXNativeTarget "InsiderMusic" */;
			buildPhases = (
				049A333F24A21E4B00A260AE /* Sources */,
				049A334024A21E4B00A260AE /* Frameworks */,
				049A334124A21E4B00A260AE /* Resources */,
			);
			buildRules = (
			);
			dependencies = (
			);
			name = InsiderMusic;
			productName = InsiderMusic;
			productReference = 049A334324A21E4B00A260AE /* InsiderMusic.app */;
			productType = "com.apple.product-type.application";
		};
/* End PBXNativeTarget section */

/* Begin PBXProject section */
		049A333B24A21E4B00A260AE /* Project object */ = {
			isa = PBXProject;
			attributes = {
				LastSwiftUpdateCheck = 1130;
				LastUpgradeCheck = 1130;
				ORGANIZATIONNAME = "Ganesh iOS";
				TargetAttributes = {
					049A334224A21E4B00A260AE = {
						CreatedOnToolsVersion = 11.3.1;
					};
				};
			};
			buildConfigurationList = 049A333E24A21E4B00A260AE /* Build configuration list for PBXProject "InsiderMusic" */;
			compatibilityVersion = "Xcode 9.3";
			developmentRegion = en;
			hasScannedForEncodings = 0;
			knownRegions = (
				en,
				Base,
			);
			mainGroup = 049A333A24A21E4B00A260AE;
			productRefGroup = 049A334424A21E4B00A260AE /* Products */;
			projectDirPath = "";
			projectRoot = "";
			targets = (
				049A334224A21E4B00A260AE /* InsiderMusic */,
			);
		};
/* End PBXProject section */

/* Begin PBXResourcesBuildPhase section */
		049A334124A21E4B00A260AE /* Resources */ = {
			isa = PBXResourcesBuildPhase;
			buildActionMask = 2147483647;
			files = (
				049A335324A21E5200A260AE /* LaunchScreen.storyboard in Resources */,
				049A335024A21E5200A260AE /* Assets.xcassets in Resources */,
				049A336224A234C100A260AE /* SongDetailsTableCell.xib in Resources */,
				049A334E24A21E4C00A260AE /* Main.storyboard in Resources */,
			);
			runOnlyForDeploymentPostprocessing = 0;
		};
/* End PBXResourcesBuildPhase section */

/* Begin PBXSourcesBuildPhase section */
		049A333F24A21E4B00A260AE /* Sources */ = {
			isa = PBXSourcesBuildPhase;
			buildActionMask = 2147483647;
			files = (
				049D468D24A5C19B00FDDF09 /* NetworkManager.swift in Sources */,
				049A335D24A22ACE00A260AE /* MusicListScene.swift in Sources */,
				049A334724A21E4B00A260AE /* AppDelegate.swift in Sources */,
				049D469624A5F9EF00FDDF09 /* UIImageView+Extension.swift in Sources */,
				049A336124A234C100A260AE /* SongDetailsTableCell.swift in Sources */,
				049A334924A21E4B00A260AE /* SceneDelegate.swift in Sources */,
				049D469A24A601D600FDDF09 /* SongDetailScene.swift in Sources */,
				049D469124A5ED4100FDDF09 /* MusicListModel.swift in Sources */,
				049D468F24A5EBDD00FDDF09 /* MusicListViewModel.swift in Sources */,
				0409198824A3463B00D25C4C /* Constants.swift in Sources */,
			);
			runOnlyForDeploymentPostprocessing = 0;
		};
/* End PBXSourcesBuildPhase section */

/* Begin PBXVariantGroup section */
		049A334C24A21E4C00A260AE /* Main.storyboard */ = {
			isa = PBXVariantGroup;
			children = (
				049A334D24A21E4C00A260AE /* Base */,
			);
			name = Main.storyboard;
			sourceTree = "<group>";
		};
		049A335124A21E5200A260AE /* LaunchScreen.storyboard */ = {
			isa = PBXVariantGroup;
			children = (
				049A335224A21E5200A260AE /* Base */,
			);
			name = LaunchScreen.storyboard;
			sourceTree = "<group>";
		};
/* End PBXVariantGroup section */

/* Begin XCBuildConfiguration section */
		049A335524A21E5200A260AE /* Debug */ = {
			isa = XCBuildConfiguration;
			buildSettings = {
				ALWAYS_SEARCH_USER_PATHS = NO;
				CLANG_ANALYZER_NONNULL = YES;
				CLANG_ANALYZER_NUMBER_OBJECT_CONVERSION = YES_AGGRESSIVE;
				CLANG_CXX_LANGUAGE_STANDARD = "gnu++14";
				CLANG_CXX_LIBRARY = "libc++";
				CLANG_ENABLE_MODULES = YES;
				CLANG_ENABLE_OBJC_ARC = YES;
				CLANG_ENABLE_OBJC_WEAK = YES;
				CLANG_WARN_BLOCK_CAPTURE_AUTORELEASING = YES;
				CLANG_WARN_BOOL_CONVERSION = YES;
				CLANG_WARN_COMMA = YES;
				CLANG_WARN_CONSTANT_CONVERSION = YES;
				CLANG_WARN_DEPRECATED_OBJC_IMPLEMENTATIONS = YES;
				CLANG_WARN_DIRECT_OBJC_ISA_USAGE = YES_ERROR;
				CLANG_WARN_DOCUMENTATION_COMMENTS = YES;
				CLANG_WARN_EMPTY_BODY = YES;
				CLANG_WARN_ENUM_CONVERSION = YES;
				CLANG_WARN_INFINITE_RECURSION = YES;
				CLANG_WARN_INT_CONVERSION = YES;
				CLANG_WARN_NON_LITERAL_NULL_CONVERSION = YES;
				CLANG_WARN_OBJC_IMPLICIT_RETAIN_SELF = YES;
				CLANG_WARN_OBJC_LITERAL_CONVERSION = YES;
				CLANG_WARN_OBJC_ROOT_CLASS = YES_ERROR;
				CLANG_WARN_RANGE_LOOP_ANALYSIS = YES;
				CLANG_WARN_STRICT_PROTOTYPES = YES;
				CLANG_WARN_SUSPICIOUS_MOVE = YES;
				CLANG_WARN_UNGUARDED_AVAILABILITY = YES_AGGRESSIVE;
				CLANG_WARN_UNREACHABLE_CODE = YES;
				CLANG_WARN__DUPLICATE_METHOD_MATCH = YES;
				COPY_PHASE_STRIP = NO;
				DEBUG_INFORMATION_FORMAT = dwarf;
				ENABLE_STRICT_OBJC_MSGSEND = YES;
				ENABLE_TESTABILITY = YES;
				GCC_C_LANGUAGE_STANDARD = gnu11;
				GCC_DYNAMIC_NO_PIC = NO;
				GCC_NO_COMMON_BLOCKS = YES;
				GCC_OPTIMIZATION_LEVEL = 0;
				GCC_PREPROCESSOR_DEFINITIONS = (
					"DEBUG=1",
					"$(inherited)",
				);
				GCC_WARN_64_TO_32_BIT_CONVERSION = YES;
				GCC_WARN_ABOUT_RETURN_TYPE = YES_ERROR;
				GCC_WARN_UNDECLARED_SELECTOR = YES;
				GCC_WARN_UNINITIALIZED_AUTOS = YES_AGGRESSIVE;
				GCC_WARN_UNUSED_FUNCTION = YES;
				GCC_WARN_UNUSED_VARIABLE = YES;
				IPHONEOS_DEPLOYMENT_TARGET = 13.2;
				MTL_ENABLE_DEBUG_INFO = INCLUDE_SOURCE;
				MTL_FAST_MATH = YES;
				ONLY_ACTIVE_ARCH = YES;
				SDKROOT = iphoneos;
				SWIFT_ACTIVE_COMPILATION_CONDITIONS = DEBUG;
				SWIFT_OPTIMIZATION_LEVEL = "-Onone";
			};
			name = Debug;
		};
		049A335624A21E5200A260AE /* Release */ = {
			isa = XCBuildConfiguration;
			buildSettings = {
				ALWAYS_SEARCH_USER_PATHS = NO;
				CLANG_ANALYZER_NONNULL = YES;
				CLANG_ANALYZER_NUMBER_OBJECT_CONVERSION = YES_AGGRESSIVE;
				CLANG_CXX_LANGUAGE_STANDARD = "gnu++14";
				CLANG_CXX_LIBRARY = "libc++";
				CLANG_ENABLE_MODULES = YES;
				CLANG_ENABLE_OBJC_ARC = YES;
				CLANG_ENABLE_OBJC_WEAK = YES;
				CLANG_WARN_BLOCK_CAPTURE_AUTORELEASING = YES;
				CLANG_WARN_BOOL_CONVERSION = YES;
				CLANG_WARN_COMMA = YES;
				CLANG_WARN_CONSTANT_CONVERSION = YES;
				CLANG_WARN_DEPRECATED_OBJC_IMPLEMENTATIONS = YES;
				CLANG_WARN_DIRECT_OBJC_ISA_USAGE = YES_ERROR;
				CLANG_WARN_DOCUMENTATION_COMMENTS = YES;
				CLANG_WARN_EMPTY_BODY = YES;
				CLANG_WARN_ENUM_CONVERSION = YES;
				CLANG_WARN_INFINITE_RECURSION = YES;
				CLANG_WARN_INT_CONVERSION = YES;
				CLANG_WARN_NON_LITERAL_NULL_CONVERSION = YES;
				CLANG_WARN_OBJC_IMPLICIT_RETAIN_SELF = YES;
				CLANG_WARN_OBJC_LITERAL_CONVERSION = YES;
				CLANG_WARN_OBJC_ROOT_CLASS = YES_ERROR;
				CLANG_WARN_RANGE_LOOP_ANALYSIS = YES;
				CLANG_WARN_STRICT_PROTOTYPES = YES;
				CLANG_WARN_SUSPICIOUS_MOVE = YES;
				CLANG_WARN_UNGUARDED_AVAILABILITY = YES_AGGRESSIVE;
				CLANG_WARN_UNREACHABLE_CODE = YES;
				CLANG_WARN__DUPLICATE_METHOD_MATCH = YES;
				COPY_PHASE_STRIP = NO;
				DEBUG_INFORMATION_FORMAT = "dwarf-with-dsym";
				ENABLE_NS_ASSERTIONS = NO;
				ENABLE_STRICT_OBJC_MSGSEND = YES;
				GCC_C_LANGUAGE_STANDARD = gnu11;
				GCC_NO_COMMON_BLOCKS = YES;
				GCC_WARN_64_TO_32_BIT_CONVERSION = YES;
				GCC_WARN_ABOUT_RETURN_TYPE = YES_ERROR;
				GCC_WARN_UNDECLARED_SELECTOR = YES;
				GCC_WARN_UNINITIALIZED_AUTOS = YES_AGGRESSIVE;
				GCC_WARN_UNUSED_FUNCTION = YES;
				GCC_WARN_UNUSED_VARIABLE = YES;
				IPHONEOS_DEPLOYMENT_TARGET = 13.2;
				MTL_ENABLE_DEBUG_INFO = NO;
				MTL_FAST_MATH = YES;
				SDKROOT = iphoneos;
				SWIFT_COMPILATION_MODE = wholemodule;
				SWIFT_OPTIMIZATION_LEVEL = "-O";
				VALIDATE_PRODUCT = YES;
			};
			name = Release;
		};
		049A335824A21E5200A260AE /* Debug */ = {
			isa = XCBuildConfiguration;
			buildSettings = {
				ASSETCATALOG_COMPILER_APPICON_NAME = AppIcon;
				CODE_SIGN_STYLE = Automatic;
				INFOPLIST_FILE = InsiderMusic/Info.plist;
				LD_RUNPATH_SEARCH_PATHS = (
					"$(inherited)",
					"@executable_path/Frameworks",
				);
				PRODUCT_BUNDLE_IDENTIFIER = com.ganesh.InsiderMusic;
				PRODUCT_NAME = "$(TARGET_NAME)";
				SWIFT_VERSION = 5.0;
				TARGETED_DEVICE_FAMILY = "1,2";
			};
			name = Debug;
		};
		049A335924A21E5200A260AE /* Release */ = {
			isa = XCBuildConfiguration;
			buildSettings = {
				ASSETCATALOG_COMPILER_APPICON_NAME = AppIcon;
				CODE_SIGN_STYLE = Automatic;
				INFOPLIST_FILE = InsiderMusic/Info.plist;
				LD_RUNPATH_SEARCH_PATHS = (
					"$(inherited)",
					"@executable_path/Frameworks",
				);
				PRODUCT_BUNDLE_IDENTIFIER = com.ganesh.InsiderMusic;
				PRODUCT_NAME = "$(TARGET_NAME)";
				SWIFT_VERSION = 5.0;
				TARGETED_DEVICE_FAMILY = "1,2";
			};
			name = Release;
		};
/* End XCBuildConfiguration section */

/* Begin XCConfigurationList section */
		049A333E24A21E4B00A260AE /* Build configuration list for PBXProject "InsiderMusic" */ = {
			isa = XCConfigurationList;
			buildConfigurations = (
				049A335524A21E5200A260AE /* Debug */,
				049A335624A21E5200A260AE /* Release */,
			);
			defaultConfigurationIsVisible = 0;
			defaultConfigurationName = Release;
		};
		049A335724A21E5200A260AE /* Build configuration list for PBXNativeTarget "InsiderMusic" */ = {
			isa = XCConfigurationList;
			buildConfigurations = (
				049A335824A21E5200A260AE /* Debug */,
				049A335924A21E5200A260AE /* Release */,
			);
			defaultConfigurationIsVisible = 0;
			defaultConfigurationName = Release;
		};
/* End XCConfigurationList section */
	};
	rootObject = 049A333B24A21E4B00A260AE /* Project object */;
}
